
Microsoft Visual Studio Solution File, Format Version 12.00
# Visual Studio Version 17
VisualStudioVersion = 17.5.33627.172
MinimumVisualStudioVersion = 10.0.40219.1
Project("{9A19103F-16F7-4668-BE54-9A1E7A4F7556}") = "ProgramsManager.API", "ProgramsManager.API\ProgramsManager.API.csproj", "{C7947EBB-7291-4A50-A4C1-485B0097FCC6}"
EndProject
Project("{9A19103F-16F7-4668-BE54-9A1E7A4F7556}") = "ProgramsManager.BL", "ProgramsManager.BL\ProgramsManager.BL.csproj", "{1E12E7E0-58E5-42E8-8ED8-182018915B7C}"
EndProject
Project("{9A19103F-16F7-4668-BE54-9A1E7A4F7556}") = "ProgramsManager.DAL", "ProgramsManager.DAL\ProgramsManager.DAL.csproj", "{D88361C5-F046-435C-9124-94A2316BCFC8}"
EndProject
Project("{9A19103F-16F7-4668-BE54-9A1E7A4F7556}") = "ProgramsManager.Models", "ProgramsManager.Models\ProgramsManager.Models.csproj", "{3AF1CFB0-092B-41BA-9453-DCD6466BA4F4}"
EndProject
Global
	GlobalSection(SolutionConfigurationPlatforms) = preSolution
		Debug|Any CPU = Debug|Any CPU
		Release|Any CPU = Release|Any CPU
	EndGlobalSection
	GlobalSection(ProjectConfigurationPlatforms) = postSolution
		{C7947EBB-7291-4A50-A4C1-485B0097FCC6}.Debug|Any CPU.ActiveCfg = Debug|Any CPU
		{C7947EBB-7291-4A50-A4C1-485B0097FCC6}.Debug|Any CPU.Build.0 = Debug|Any CPU
		{C7947EBB-7291-4A50-A4C1-485B0097FCC6}.Release|Any CPU.ActiveCfg = Release|Any CPU
		{C7947EBB-7291-4A50-A4C1-485B0097FCC6}.Release|Any CPU.Build.0 = Release|Any CPU
		{1E12E7E0-58E5-42E8-8ED8-182018915B7C}.Debug|Any CPU.ActiveCfg = Debug|Any CPU
		{1E12E7E0-58E5-42E8-8ED8-182018915B7C}.Debug|Any CPU.Build.0 = Debug|Any CPU
		{1E12E7E0-58E5-42E8-8ED8-182018915B7C}.Release|Any CPU.ActiveCfg = Release|Any CPU
		{1E12E7E0-58E5-42E8-8ED8-182018915B7C}.Release|Any CPU.Build.0 = Release|Any CPU
		{D88361C5-F046-435C-9124-94A2316BCFC8}.Debug|Any CPU.ActiveCfg = Debug|Any CPU
		{D88361C5-F046-435C-9124-94A2316BCFC8}.Debug|Any CPU.Build.0 = Debug|Any CPU
		{D88361C5-F046-435C-9124-94A2316BCFC8}.Release|Any CPU.ActiveCfg = Release|Any CPU
		{D88361C5-F046-435C-9124-94A2316BCFC8}.Release|Any CPU.Build.0 = Release|Any CPU
		{3AF1CFB0-092B-41BA-9453-DCD6466BA4F4}.Debug|Any CPU.ActiveCfg = Debug|Any CPU
		{3AF1CFB0-092B-41BA-9453-DCD6466BA4F4}.Debug|Any CPU.Build.0 = Debug|Any CPU
		{3AF1CFB0-092B-41BA-9453-DCD6466BA4F4}.Release|Any CPU.ActiveCfg = Release|Any CPU
		{3AF1CFB0-092B-41BA-9453-DCD6466BA4F4}.Release|Any CPU.Build.0 = Release|Any CPU
	EndGlobalSection
	GlobalSection(SolutionProperties) = preSolution
		HideSolutionNode = FALSE
	EndGlobalSection
	GlobalSection(ExtensibilityGlobals) = postSolution
		SolutionGuid = {B956D7B5-1DDC-4FF6-8EEE-6FA8E106776B}
	EndGlobalSection
EndGlobal
